
Microsoft Visual Studio Solution File, Format Version 12.00
# Visual Studio Version 16
VisualStudioVersion = 16.0.31105.61
MinimumVisualStudioVersion = 10.0.40219.1
Project("{FAE04EC0-301F-11D3-BF4B-00C04F79EFBC}") = "Interfaces", "Interfaces\Interfaces.csproj", "{BE989AE1-F27C-4DEC-B79B-9BC121561CCE}"
EndProject
Global
	GlobalSection(SolutionConfigurationPlatforms) = preSolution
		Debug|Any CPU = Debug|Any CPU
		Release|Any CPU = Release|Any CPU
	EndGlobalSection
	GlobalSection(ProjectConfigurationPlatforms) = postSolution
		{BE989AE1-F27C-4DEC-B79B-9BC121561CCE}.Debug|Any CPU.ActiveCfg = Debug|Any CPU
		{BE989AE1-F27C-4DEC-B79B-9BC121561CCE}.Debug|Any CPU.Build.0 = Debug|Any CPU
		{BE989AE1-F27C-4DEC-B79B-9BC121561CCE}.Release|Any CPU.ActiveCfg = Release|Any CPU
		{BE989AE1-F27C-4DEC-B79B-9BC121561CCE}.Release|Any CPU.Build.0 = Release|Any CPU
	EndGlobalSection
	GlobalSection(SolutionProperties) = preSolution
		HideSolutionNode = FALSE
	EndGlobalSection
	GlobalSection(ExtensibilityGlobals) = postSolution
		SolutionGuid = {D4EF76E3-ECDF-40F5-BCD4-0AB52B126DB4}
	EndGlobalSection
EndGlobal
