
Microsoft Visual Studio Solution File, Format Version 12.00
# Visual Studio Version 16
VisualStudioVersion = 16.0.31105.61
MinimumVisualStudioVersion = 10.0.40219.1
Project("{FAE04EC0-301F-11D3-BF4B-00C04F79EFBC}") = "TextListener", "TextListener\TextListener.csproj", "{43F8AF3E-03F3-4DCC-BB8F-F83ADC73A724}"
EndProject
Global
	GlobalSection(SolutionConfigurationPlatforms) = preSolution
		Debug|Any CPU = Debug|Any CPU
		Release|Any CPU = Release|Any CPU
	EndGlobalSection
	GlobalSection(ProjectConfigurationPlatforms) = postSolution
		{43F8AF3E-03F3-4DCC-BB8F-F83ADC73A724}.Debug|Any CPU.ActiveCfg = Debug|Any CPU
		{43F8AF3E-03F3-4DCC-BB8F-F83ADC73A724}.Debug|Any CPU.Build.0 = Debug|Any CPU
		{43F8AF3E-03F3-4DCC-BB8F-F83ADC73A724}.Release|Any CPU.ActiveCfg = Release|Any CPU
		{43F8AF3E-03F3-4DCC-BB8F-F83ADC73A724}.Release|Any CPU.Build.0 = Release|Any CPU
	EndGlobalSection
	GlobalSection(SolutionProperties) = preSolution
		HideSolutionNode = FALSE
	EndGlobalSection
	GlobalSection(ExtensibilityGlobals) = postSolution
		SolutionGuid = {2B902514-A2F1-45AE-AB5F-E7EB1CCCF231}
	EndGlobalSection
EndGlobal
