
Microsoft Visual Studio Solution File, Format Version 12.00
# Visual Studio Version 16
VisualStudioVersion = 16.0.31105.61
MinimumVisualStudioVersion = 10.0.40219.1
Project("{FAE04EC0-301F-11D3-BF4B-00C04F79EFBC}") = "NET01_FirstPart", "NET01_FirstPart\NET01_FirstPart.csproj", "{00226370-CE78-476F-AA25-257E42B7FF48}"
EndProject
Global
	GlobalSection(SolutionConfigurationPlatforms) = preSolution
		Debug|Any CPU = Debug|Any CPU
		Release|Any CPU = Release|Any CPU
	EndGlobalSection
	GlobalSection(ProjectConfigurationPlatforms) = postSolution
		{00226370-CE78-476F-AA25-257E42B7FF48}.Debug|Any CPU.ActiveCfg = Debug|Any CPU
		{00226370-CE78-476F-AA25-257E42B7FF48}.Debug|Any CPU.Build.0 = Debug|Any CPU
		{00226370-CE78-476F-AA25-257E42B7FF48}.Release|Any CPU.ActiveCfg = Release|Any CPU
		{00226370-CE78-476F-AA25-257E42B7FF48}.Release|Any CPU.Build.0 = Release|Any CPU
	EndGlobalSection
	GlobalSection(SolutionProperties) = preSolution
		HideSolutionNode = FALSE
	EndGlobalSection
	GlobalSection(ExtensibilityGlobals) = postSolution
		SolutionGuid = {0548A8C6-FCBA-4D9D-8D93-E03B47DC1BCA}
	EndGlobalSection
EndGlobal
